// !$*UTF8*$!
{
	archiveVersion = 1;
	classes = {
	};
	objectVersion = 56;
	objects = {

/* Begin PBXBuildFile section */
		4D2F47862B9BABAF00DCADAE /* IncomeDetailsView.swift in Sources */ = {isa = PBXBuildFile; fileRef = 4D2F47852B9BABAF00DCADAE /* IncomeDetailsView.swift */; };
		4D2F47882B9BE4C400DCADAE /* Dummy.swift in Sources */ = {isa = PBXBuildFile; fileRef = 4D2F47872B9BE4C400DCADAE /* Dummy.swift */; };
		4DC5BE1A2B9D47E6001C7307 /* ExpenseDetailsView.swift in Sources */ = {isa = PBXBuildFile; fileRef = 4DC5BE192B9D47E6001C7307 /* ExpenseDetailsView.swift */; };
		4DE98D8F2B96EF4100E7B0A0 /* SaiVishwasPathem_MidPart1App.swift in Sources */ = {isa = PBXBuildFile; fileRef = 4DE98D8E2B96EF4100E7B0A0 /* SaiVishwasPathem_MidPart1App.swift */; };
		4DE98D912B96EF4100E7B0A0 /* ContentView.swift in Sources */ = {isa = PBXBuildFile; fileRef = 4DE98D902B96EF4100E7B0A0 /* ContentView.swift */; };
		4DE98D932B96EF4300E7B0A0 /* Assets.xcassets in Resources */ = {isa = PBXBuildFile; fileRef = 4DE98D922B96EF4300E7B0A0 /* Assets.xcassets */; };
		4DE98D962B96EF4300E7B0A0 /* Preview Assets.xcassets in Resources */ = {isa = PBXBuildFile; fileRef = 4DE98D952B96EF4300E7B0A0 /* Preview Assets.xcassets */; };
		4DE98DA02B96EF4300E7B0A0 /* SaiVishwasPathem_MidPart1Tests.swift in Sources */ = {isa = PBXBuildFile; fileRef = 4DE98D9F2B96EF4300E7B0A0 /* SaiVishwasPathem_MidPart1Tests.swift */; };
		4DE98DAA2B96EF4300E7B0A0 /* SaiVishwasPathem_MidPart1UITests.swift in Sources */ = {isa = PBXBuildFile; fileRef = 4DE98DA92B96EF4300E7B0A0 /* SaiVishwasPathem_MidPart1UITests.swift */; };
		4DE98DAC2B96EF4300E7B0A0 /* SaiVishwasPathem_MidPart1UITestsLaunchTests.swift in Sources */ = {isa = PBXBuildFile; fileRef = 4DE98DAB2B96EF4300E7B0A0 /* SaiVishwasPathem_MidPart1UITestsLaunchTests.swift */; };
		4DE98DB92B96F58F00E7B0A0 /* UtilitiesView.swift in Sources */ = {isa = PBXBuildFile; fileRef = 4DE98DB82B96F58F00E7B0A0 /* UtilitiesView.swift */; };
		4DFBD2782B9937F400AADC1F /* IncomeDetailView.swift in Sources */ = {isa = PBXBuildFile; fileRef = 4DFBD2772B9937F400AADC1F /* IncomeDetailView.swift */; };
		4DFBD27A2B99426C00AADC1F /* IncomeListView.swift in Sources */ = {isa = PBXBuildFile; fileRef = 4DFBD2792B99426C00AADC1F /* IncomeListView.swift */; };
		4DFBD27C2B99466100AADC1F /* ExpenseListView.swift in Sources */ = {isa = PBXBuildFile; fileRef = 4DFBD27B2B99466100AADC1F /* ExpenseListView.swift */; };
/* End PBXBuildFile section */

/* Begin PBXContainerItemProxy section */
		4DE98D9C2B96EF4300E7B0A0 /* PBXContainerItemProxy */ = {
			isa = PBXContainerItemProxy;
			containerPortal = 4DE98D832B96EF4100E7B0A0 /* Project object */;
			proxyType = 1;
			remoteGlobalIDString = 4DE98D8A2B96EF4100E7B0A0;
			remoteInfo = SaiVishwasPathem_MidPart1;
		};
		4DE98DA62B96EF4300E7B0A0 /* PBXContainerItemProxy */ = {
			isa = PBXContainerItemProxy;
			containerPortal = 4DE98D832B96EF4100E7B0A0 /* Project object */;
			proxyType = 1;
			remoteGlobalIDString = 4DE98D8A2B96EF4100E7B0A0;
			remoteInfo = SaiVishwasPathem_MidPart1;
		};
/* End PBXContainerItemProxy section */

/* Begin PBXFileReference section */
		4D2F47852B9BABAF00DCADAE /* IncomeDetailsView.swift */ = {isa = PBXFileReference; lastKnownFileType = sourcecode.swift; path = IncomeDetailsView.swift; sourceTree = "<group>"; };
		4D2F47872B9BE4C400DCADAE /* Dummy.swift */ = {isa = PBXFileReference; lastKnownFileType = sourcecode.swift; path = Dummy.swift; sourceTree = "<group>"; };
		4DC5BE192B9D47E6001C7307 /* ExpenseDetailsView.swift */ = {isa = PBXFileReference; lastKnownFileType = sourcecode.swift; path = ExpenseDetailsView.swift; sourceTree = "<group>"; };
		4DE98D8B2B96EF4100E7B0A0 /* SaiVishwasPathem_MidPart1.app */ = {isa = PBXFileReference; explicitFileType = wrapper.application; includeInIndex = 0; path = SaiVishwasPathem_MidPart1.app; sourceTree = BUILT_PRODUCTS_DIR; };
		4DE98D8E2B96EF4100E7B0A0 /* SaiVishwasPathem_MidPart1App.swift */ = {isa = PBXFileReference; lastKnownFileType = sourcecode.swift; path = SaiVishwasPathem_MidPart1App.swift; sourceTree = "<group>"; };
		4DE98D902B96EF4100E7B0A0 /* ContentView.swift */ = {isa = PBXFileReference; lastKnownFileType = sourcecode.swift; path = ContentView.swift; sourceTree = "<group>"; };
		4DE98D922B96EF4300E7B0A0 /* Assets.xcassets */ = {isa = PBXFileReference; lastKnownFileType = folder.assetcatalog; path = Assets.xcassets; sourceTree = "<group>"; };
		4DE98D952B96EF4300E7B0A0 /* Preview Assets.xcassets */ = {isa = PBXFileReference; lastKnownFileType = folder.assetcatalog; path = "Preview Assets.xcassets"; sourceTree = "<group>"; };
		4DE98D9B2B96EF4300E7B0A0 /* SaiVishwasPathem_MidPart1Tests.xctest */ = {isa = PBXFileReference; explicitFileType = wrapper.cfbundle; includeInIndex = 0; path = SaiVishwasPathem_MidPart1Tests.xctest; sourceTree = BUILT_PRODUCTS_DIR; };
		4DE98D9F2B96EF4300E7B0A0 /* SaiVishwasPathem_MidPart1Tests.swift */ = {isa = PBXFileReference; lastKnownFileType = sourcecode.swift; path = SaiVishwasPathem_MidPart1Tests.swift; sourceTree = "<group>"; };
		4DE98DA52B96EF4300E7B0A0 /* SaiVishwasPathem_MidPart1UITests.xctest */ = {isa = PBXFileReference; explicitFileType = wrapper.cfbundle; includeInIndex = 0; path = SaiVishwasPathem_MidPart1UITests.xctest; sourceTree = BUILT_PRODUCTS_DIR; };
		4DE98DA92B96EF4300E7B0A0 /* SaiVishwasPathem_MidPart1UITests.swift */ = {isa = PBXFileReference; lastKnownFileType = sourcecode.swift; path = SaiVishwasPathem_MidPart1UITests.swift; sourceTree = "<group>"; };
		4DE98DAB2B96EF4300E7B0A0 /* SaiVishwasPathem_MidPart1UITestsLaunchTests.swift */ = {isa = PBXFileReference; lastKnownFileType = sourcecode.swift; path = SaiVishwasPathem_MidPart1UITestsLaunchTests.swift; sourceTree = "<group>"; };
		4DE98DB82B96F58F00E7B0A0 /* UtilitiesView.swift */ = {isa = PBXFileReference; lastKnownFileType = sourcecode.swift; path = UtilitiesView.swift; sourceTree = "<group>"; };
		4DFBD2772B9937F400AADC1F /* IncomeDetailView.swift */ = {isa = PBXFileReference; lastKnownFileType = sourcecode.swift; path = IncomeDetailView.swift; sourceTree = "<group>"; };
		4DFBD2792B99426C00AADC1F /* IncomeListView.swift */ = {isa = PBXFileReference; lastKnownFileType = sourcecode.swift; path = IncomeListView.swift; sourceTree = "<group>"; };
		4DFBD27B2B99466100AADC1F /* ExpenseListView.swift */ = {isa = PBXFileReference; lastKnownFileType = sourcecode.swift; path = ExpenseListView.swift; sourceTree = "<group>"; };
/* End PBXFileReference section */

/* Begin PBXFrameworksBuildPhase section */
		4DE98D882B96EF4100E7B0A0 /* Frameworks */ = {
			isa = PBXFrameworksBuildPhase;
			buildActionMask = 2147483647;
			files = (
			);
			runOnlyForDeploymentPostprocessing = 0;
		};
		4DE98D982B96EF4300E7B0A0 /* Frameworks */ = {
			isa = PBXFrameworksBuildPhase;
			buildActionMask = 2147483647;
			files = (
			);
			runOnlyForDeploymentPostprocessing = 0;
		};
		4DE98DA22B96EF4300E7B0A0 /* Frameworks */ = {
			isa = PBXFrameworksBuildPhase;
			buildActionMask = 2147483647;
			files = (
			);
			runOnlyForDeploymentPostprocessing = 0;
		};
/* End PBXFrameworksBuildPhase section */

/* Begin PBXGroup section */
		4DE98D822B96EF4100E7B0A0 = {
			isa = PBXGroup;
			children = (
				4DE98D8D2B96EF4100E7B0A0 /* SaiVishwasPathem_MidPart1 */,
				4DE98D9E2B96EF4300E7B0A0 /* SaiVishwasPathem_MidPart1Tests */,
				4DE98DA82B96EF4300E7B0A0 /* SaiVishwasPathem_MidPart1UITests */,
				4DE98D8C2B96EF4100E7B0A0 /* Products */,
			);
			sourceTree = "<group>";
		};
		4DE98D8C2B96EF4100E7B0A0 /* Products */ = {
			isa = PBXGroup;
			children = (
				4DE98D8B2B96EF4100E7B0A0 /* SaiVishwasPathem_MidPart1.app */,
				4DE98D9B2B96EF4300E7B0A0 /* SaiVishwasPathem_MidPart1Tests.xctest */,
				4DE98DA52B96EF4300E7B0A0 /* SaiVishwasPathem_MidPart1UITests.xctest */,
			);
			name = Products;
			sourceTree = "<group>";
		};
		4DE98D8D2B96EF4100E7B0A0 /* SaiVishwasPathem_MidPart1 */ = {
			isa = PBXGroup;
			children = (
				4DE98D8E2B96EF4100E7B0A0 /* SaiVishwasPathem_MidPart1App.swift */,
				4DE98D902B96EF4100E7B0A0 /* ContentView.swift */,
				4DE98D922B96EF4300E7B0A0 /* Assets.xcassets */,
				4DE98D942B96EF4300E7B0A0 /* Preview Content */,
				4DE98DB82B96F58F00E7B0A0 /* UtilitiesView.swift */,
				4DFBD2772B9937F400AADC1F /* IncomeDetailView.swift */,
				4DFBD2792B99426C00AADC1F /* IncomeListView.swift */,
				4DFBD27B2B99466100AADC1F /* ExpenseListView.swift */,
				4D2F47852B9BABAF00DCADAE /* IncomeDetailsView.swift */,
				4D2F47872B9BE4C400DCADAE /* Dummy.swift */,
				4DC5BE192B9D47E6001C7307 /* ExpenseDetailsView.swift */,
			);
			path = SaiVishwasPathem_MidPart1;
			sourceTree = "<group>";
		};
		4DE98D942B96EF4300E7B0A0 /* Preview Content */ = {
			isa = PBXGroup;
			children = (
				4DE98D952B96EF4300E7B0A0 /* Preview Assets.xcassets */,
			);
			path = "Preview Content";
			sourceTree = "<group>";
		};
		4DE98D9E2B96EF4300E7B0A0 /* SaiVishwasPathem_MidPart1Tests */ = {
			isa = PBXGroup;
			children = (
				4DE98D9F2B96EF4300E7B0A0 /* SaiVishwasPathem_MidPart1Tests.swift */,
			);
			path = SaiVishwasPathem_MidPart1Tests;
			sourceTree = "<group>";
		};
		4DE98DA82B96EF4300E7B0A0 /* SaiVishwasPathem_MidPart1UITests */ = {
			isa = PBXGroup;
			children = (
				4DE98DA92B96EF4300E7B0A0 /* SaiVishwasPathem_MidPart1UITests.swift */,
				4DE98DAB2B96EF4300E7B0A0 /* SaiVishwasPathem_MidPart1UITestsLaunchTests.swift */,
			);
			path = SaiVishwasPathem_MidPart1UITests;
			sourceTree = "<group>";
		};
/* End PBXGroup section */

/* Begin PBXNativeTarget section */
		4DE98D8A2B96EF4100E7B0A0 /* SaiVishwasPathem_MidPart1 */ = {
			isa = PBXNativeTarget;
			buildConfigurationList = 4DE98DAF2B96EF4300E7B0A0 /* Build configuration list for PBXNativeTarget "SaiVishwasPathem_MidPart1" */;
			buildPhases = (
				4DE98D872B96EF4100E7B0A0 /* Sources */,
				4DE98D882B96EF4100E7B0A0 /* Frameworks */,
				4DE98D892B96EF4100E7B0A0 /* Resources */,
			);
			buildRules = (
			);
			dependencies = (
			);
			name = SaiVishwasPathem_MidPart1;
			productName = SaiVishwasPathem_MidPart1;
			productReference = 4DE98D8B2B96EF4100E7B0A0 /* SaiVishwasPathem_MidPart1.app */;
			productType = "com.apple.product-type.application";
		};
		4DE98D9A2B96EF4300E7B0A0 /* SaiVishwasPathem_MidPart1Tests */ = {
			isa = PBXNativeTarget;
			buildConfigurationList = 4DE98DB22B96EF4300E7B0A0 /* Build configuration list for PBXNativeTarget "SaiVishwasPathem_MidPart1Tests" */;
			buildPhases = (
				4DE98D972B96EF4300E7B0A0 /* Sources */,
				4DE98D982B96EF4300E7B0A0 /* Frameworks */,
				4DE98D992B96EF4300E7B0A0 /* Resources */,
			);
			buildRules = (
			);
			dependencies = (
				4DE98D9D2B96EF4300E7B0A0 /* PBXTargetDependency */,
			);
			name = SaiVishwasPathem_MidPart1Tests;
			productName = SaiVishwasPathem_MidPart1Tests;
			productReference = 4DE98D9B2B96EF4300E7B0A0 /* SaiVishwasPathem_MidPart1Tests.xctest */;
			productType = "com.apple.product-type.bundle.unit-test";
		};
		4DE98DA42B96EF4300E7B0A0 /* SaiVishwasPathem_MidPart1UITests */ = {
			isa = PBXNativeTarget;
			buildConfigurationList = 4DE98DB52B96EF4300E7B0A0 /* Build configuration list for PBXNativeTarget "SaiVishwasPathem_MidPart1UITests" */;
			buildPhases = (
				4DE98DA12B96EF4300E7B0A0 /* Sources */,
				4DE98DA22B96EF4300E7B0A0 /* Frameworks */,
				4DE98DA32B96EF4300E7B0A0 /* Resources */,
			);
			buildRules = (
			);
			dependencies = (
				4DE98DA72B96EF4300E7B0A0 /* PBXTargetDependency */,
			);
			name = SaiVishwasPathem_MidPart1UITests;
			productName = SaiVishwasPathem_MidPart1UITests;
			productReference = 4DE98DA52B96EF4300E7B0A0 /* SaiVishwasPathem_MidPart1UITests.xctest */;
			productType = "com.apple.product-type.bundle.ui-testing";
		};
/* End PBXNativeTarget section */

/* Begin PBXProject section */
		4DE98D832B96EF4100E7B0A0 /* Project object */ = {
			isa = PBXProject;
			attributes = {
				BuildIndependentTargetsInParallel = 1;
				LastSwiftUpdateCheck = 1520;
				LastUpgradeCheck = 1520;
				TargetAttributes = {
					4DE98D8A2B96EF4100E7B0A0 = {
						CreatedOnToolsVersion = 15.2;
					};
					4DE98D9A2B96EF4300E7B0A0 = {
						CreatedOnToolsVersion = 15.2;
						TestTargetID = 4DE98D8A2B96EF4100E7B0A0;
					};
					4DE98DA42B96EF4300E7B0A0 = {
						CreatedOnToolsVersion = 15.2;
						TestTargetID = 4DE98D8A2B96EF4100E7B0A0;
					};
				};
			};
			buildConfigurationList = 4DE98D862B96EF4100E7B0A0 /* Build configuration list for PBXProject "SaiVishwasPathem_MidPart1" */;
			compatibilityVersion = "Xcode 14.0";
			developmentRegion = en;
			hasScannedForEncodings = 0;
			knownRegions = (
				en,
				Base,
			);
			mainGroup = 4DE98D822B96EF4100E7B0A0;
			productRefGroup = 4DE98D8C2B96EF4100E7B0A0 /* Products */;
			projectDirPath = "";
			projectRoot = "";
			targets = (
				4DE98D8A2B96EF4100E7B0A0 /* SaiVishwasPathem_MidPart1 */,
				4DE98D9A2B96EF4300E7B0A0 /* SaiVishwasPathem_MidPart1Tests */,
				4DE98DA42B96EF4300E7B0A0 /* SaiVishwasPathem_MidPart1UITests */,
			);
		};
/* End PBXProject section */

/* Begin PBXResourcesBuildPhase section */
		4DE98D892B96EF4100E7B0A0 /* Resources */ = {
			isa = PBXResourcesBuildPhase;
			buildActionMask = 2147483647;
			files = (
				4DE98D962B96EF4300E7B0A0 /* Preview Assets.xcassets in Resources */,
				4DE98D932B96EF4300E7B0A0 /* Assets.xcassets in Resources */,
			);
			runOnlyForDeploymentPostprocessing = 0;
		};
		4DE98D992B96EF4300E7B0A0 /* Resources */ = {
			isa = PBXResourcesBuildPhase;
			buildActionMask = 2147483647;
			files = (
			);
			runOnlyForDeploymentPostprocessing = 0;
		};
		4DE98DA32B96EF4300E7B0A0 /* Resources */ = {
			isa = PBXResourcesBuildPhase;
			buildActionMask = 2147483647;
			files = (
			);
			runOnlyForDeploymentPostprocessing = 0;
		};
/* End PBXResourcesBuildPhase section */

/* Begin PBXSourcesBuildPhase section */
		4DE98D872B96EF4100E7B0A0 /* Sources */ = {
			isa = PBXSourcesBuildPhase;
			buildActionMask = 2147483647;
			files = (
				4DE98DB92B96F58F00E7B0A0 /* UtilitiesView.swift in Sources */,
				4DFBD27C2B99466100AADC1F /* ExpenseListView.swift in Sources */,
				4D2F47882B9BE4C400DCADAE /* Dummy.swift in Sources */,
				4DE98D912B96EF4100E7B0A0 /* ContentView.swift in Sources */,
				4DFBD2782B9937F400AADC1F /* IncomeDetailView.swift in Sources */,
				4DFBD27A2B99426C00AADC1F /* IncomeListView.swift in Sources */,
				4DC5BE1A2B9D47E6001C7307 /* ExpenseDetailsView.swift in Sources */,
				4DE98D8F2B96EF4100E7B0A0 /* SaiVishwasPathem_MidPart1App.swift in Sources */,
				4D2F47862B9BABAF00DCADAE /* IncomeDetailsView.swift in Sources */,
			);
			runOnlyForDeploymentPostprocessing = 0;
		};
		4DE98D972B96EF4300E7B0A0 /* Sources */ = {
			isa = PBXSourcesBuildPhase;
			buildActionMask = 2147483647;
			files = (
				4DE98DA02B96EF4300E7B0A0 /* SaiVishwasPathem_MidPart1Tests.swift in Sources */,
			);
			runOnlyForDeploymentPostprocessing = 0;
		};
		4DE98DA12B96EF4300E7B0A0 /* Sources */ = {
			isa = PBXSourcesBuildPhase;
			buildActionMask = 2147483647;
			files = (
				4DE98DAA2B96EF4300E7B0A0 /* SaiVishwasPathem_MidPart1UITests.swift in Sources */,
				4DE98DAC2B96EF4300E7B0A0 /* SaiVishwasPathem_MidPart1UITestsLaunchTests.swift in Sources */,
			);
			runOnlyForDeploymentPostprocessing = 0;
		};
/* End PBXSourcesBuildPhase section */

/* Begin PBXTargetDependency section */
		4DE98D9D2B96EF4300E7B0A0 /* PBXTargetDependency */ = {
			isa = PBXTargetDependency;
			target = 4DE98D8A2B96EF4100E7B0A0 /* SaiVishwasPathem_MidPart1 */;
			targetProxy = 4DE98D9C2B96EF4300E7B0A0 /* PBXContainerItemProxy */;
		};
		4DE98DA72B96EF4300E7B0A0 /* PBXTargetDependency */ = {
			isa = PBXTargetDependency;
			target = 4DE98D8A2B96EF4100E7B0A0 /* SaiVishwasPathem_MidPart1 */;
			targetProxy = 4DE98DA62B96EF4300E7B0A0 /* PBXContainerItemProxy */;
		};
/* End PBXTargetDependency section */

/* Begin XCBuildConfiguration section */
		4DE98DAD2B96EF4300E7B0A0 /* Debug */ = {
			isa = XCBuildConfiguration;
			buildSettings = {
				ALWAYS_SEARCH_USER_PATHS = NO;
				ASSETCATALOG_COMPILER_GENERATE_SWIFT_ASSET_SYMBOL_EXTENSIONS = YES;
				CLANG_ANALYZER_NONNULL = YES;
				CLANG_ANALYZER_NUMBER_OBJECT_CONVERSION = YES_AGGRESSIVE;
				CLANG_CXX_LANGUAGE_STANDARD = "gnu++20";
				CLANG_ENABLE_MODULES = YES;
				CLANG_ENABLE_OBJC_ARC = YES;
				CLANG_ENABLE_OBJC_WEAK = YES;
				CLANG_WARN_BLOCK_CAPTURE_AUTORELEASING = YES;
				CLANG_WARN_BOOL_CONVERSION = YES;
				CLANG_WARN_COMMA = YES;
				CLANG_WARN_CONSTANT_CONVERSION = YES;
				CLANG_WARN_DEPRECATED_OBJC_IMPLEMENTATIONS = YES;
				CLANG_WARN_DIRECT_OBJC_ISA_USAGE = YES_ERROR;
				CLANG_WARN_DOCUMENTATION_COMMENTS = YES;
				CLANG_WARN_EMPTY_BODY = YES;
				CLANG_WARN_ENUM_CONVERSION = YES;
				CLANG_WARN_INFINITE_RECURSION = YES;
				CLANG_WARN_INT_CONVERSION = YES;
				CLANG_WARN_NON_LITERAL_NULL_CONVERSION = YES;
				CLANG_WARN_OBJC_IMPLICIT_RETAIN_SELF = YES;
				CLANG_WARN_OBJC_LITERAL_CONVERSION = YES;
				CLANG_WARN_OBJC_ROOT_CLASS = YES_ERROR;
				CLANG_WARN_QUOTED_INCLUDE_IN_FRAMEWORK_HEADER = YES;
				CLANG_WARN_RANGE_LOOP_ANALYSIS = YES;
				CLANG_WARN_STRICT_PROTOTYPES = YES;
				CLANG_WARN_SUSPICIOUS_MOVE = YES;
				CLANG_WARN_UNGUARDED_AVAILABILITY = YES_AGGRESSIVE;
				CLANG_WARN_UNREACHABLE_CODE = YES;
				CLANG_WARN__DUPLICATE_METHOD_MATCH = YES;
				COPY_PHASE_STRIP = NO;
				DEBUG_INFORMATION_FORMAT = dwarf;
				ENABLE_STRICT_OBJC_MSGSEND = YES;
				ENABLE_TESTABILITY = YES;
				ENABLE_USER_SCRIPT_SANDBOXING = YES;
				GCC_C_LANGUAGE_STANDARD = gnu17;
				GCC_DYNAMIC_NO_PIC = NO;
				GCC_NO_COMMON_BLOCKS = YES;
				GCC_OPTIMIZATION_LEVEL = 0;
				GCC_PREPROCESSOR_DEFINITIONS = (
					"DEBUG=1",
					"$(inherited)",
				);
				GCC_WARN_64_TO_32_BIT_CONVERSION = YES;
				GCC_WARN_ABOUT_RETURN_TYPE = YES_ERROR;
				GCC_WARN_UNDECLARED_SELECTOR = YES;
				GCC_WARN_UNINITIALIZED_AUTOS = YES_AGGRESSIVE;
				GCC_WARN_UNUSED_FUNCTION = YES;
				GCC_WARN_UNUSED_VARIABLE = YES;
				IPHONEOS_DEPLOYMENT_TARGET = 17.2;
				LOCALIZATION_PREFERS_STRING_CATALOGS = YES;
				MTL_ENABLE_DEBUG_INFO = INCLUDE_SOURCE;
				MTL_FAST_MATH = YES;
				ONLY_ACTIVE_ARCH = YES;
				SDKROOT = iphoneos;
				SWIFT_ACTIVE_COMPILATION_CONDITIONS = "DEBUG $(inherited)";
				SWIFT_OPTIMIZATION_LEVEL = "-Onone";
			};
			name = Debug;
		};
		4DE98DAE2B96EF4300E7B0A0 /* Release */ = {
			isa = XCBuildConfiguration;
			buildSettings = {
				ALWAYS_SEARCH_USER_PATHS = NO;
				ASSETCATALOG_COMPILER_GENERATE_SWIFT_ASSET_SYMBOL_EXTENSIONS = YES;
				CLANG_ANALYZER_NONNULL = YES;
				CLANG_ANALYZER_NUMBER_OBJECT_CONVERSION = YES_AGGRESSIVE;
				CLANG_CXX_LANGUAGE_STANDARD = "gnu++20";
				CLANG_ENABLE_MODULES = YES;
				CLANG_ENABLE_OBJC_ARC = YES;
				CLANG_ENABLE_OBJC_WEAK = YES;
				CLANG_WARN_BLOCK_CAPTURE_AUTORELEASING = YES;
				CLANG_WARN_BOOL_CONVERSION = YES;
				CLANG_WARN_COMMA = YES;
				CLANG_WARN_CONSTANT_CONVERSION = YES;
				CLANG_WARN_DEPRECATED_OBJC_IMPLEMENTATIONS = YES;
				CLANG_WARN_DIRECT_OBJC_ISA_USAGE = YES_ERROR;
				CLANG_WARN_DOCUMENTATION_COMMENTS = YES;
				CLANG_WARN_EMPTY_BODY = YES;
				CLANG_WARN_ENUM_CONVERSION = YES;
				CLANG_WARN_INFINITE_RECURSION = YES;
				CLANG_WARN_INT_CONVERSION = YES;
				CLANG_WARN_NON_LITERAL_NULL_CONVERSION = YES;
				CLANG_WARN_OBJC_IMPLICIT_RETAIN_SELF = YES;
				CLANG_WARN_OBJC_LITERAL_CONVERSION = YES;
				CLANG_WARN_OBJC_ROOT_CLASS = YES_ERROR;
				CLANG_WARN_QUOTED_INCLUDE_IN_FRAMEWORK_HEADER = YES;
				CLANG_WARN_RANGE_LOOP_ANALYSIS = YES;
				CLANG_WARN_STRICT_PROTOTYPES = YES;
				CLANG_WARN_SUSPICIOUS_MOVE = YES;
				CLANG_WARN_UNGUARDED_AVAILABILITY = YES_AGGRESSIVE;
				CLANG_WARN_UNREACHABLE_CODE = YES;
				CLANG_WARN__DUPLICATE_METHOD_MATCH = YES;
				COPY_PHASE_STRIP = NO;
				DEBUG_INFORMATION_FORMAT = "dwarf-with-dsym";
				ENABLE_NS_ASSERTIONS = NO;
				ENABLE_STRICT_OBJC_MSGSEND = YES;
				ENABLE_USER_SCRIPT_SANDBOXING = YES;
				GCC_C_LANGUAGE_STANDARD = gnu17;
				GCC_NO_COMMON_BLOCKS = YES;
				GCC_WARN_64_TO_32_BIT_CONVERSION = YES;
				GCC_WARN_ABOUT_RETURN_TYPE = YES_ERROR;
				GCC_WARN_UNDECLARED_SELECTOR = YES;
				GCC_WARN_UNINITIALIZED_AUTOS = YES_AGGRESSIVE;
				GCC_WARN_UNUSED_FUNCTION = YES;
				GCC_WARN_UNUSED_VARIABLE = YES;
				IPHONEOS_DEPLOYMENT_TARGET = 17.2;
				LOCALIZATION_PREFERS_STRING_CATALOGS = YES;
				MTL_ENABLE_DEBUG_INFO = NO;
				MTL_FAST_MATH = YES;
				SDKROOT = iphoneos;
				SWIFT_COMPILATION_MODE = wholemodule;
				VALIDATE_PRODUCT = YES;
			};
			name = Release;
		};
		4DE98DB02B96EF4300E7B0A0 /* Debug */ = {
			isa = XCBuildConfiguration;
			buildSettings = {
				ASSETCATALOG_COMPILER_APPICON_NAME = AppIcon;
				ASSETCATALOG_COMPILER_GLOBAL_ACCENT_COLOR_NAME = AccentColor;
				CODE_SIGN_STYLE = Automatic;
				CURRENT_PROJECT_VERSION = 1;
				DEVELOPMENT_ASSET_PATHS = "\"SaiVishwasPathem_MidPart1/Preview Content\"";
				ENABLE_PREVIEWS = YES;
				GENERATE_INFOPLIST_FILE = YES;
				INFOPLIST_KEY_UIApplicationSceneManifest_Generation = YES;
				INFOPLIST_KEY_UIApplicationSupportsIndirectInputEvents = YES;
				INFOPLIST_KEY_UILaunchScreen_Generation = YES;
				INFOPLIST_KEY_UISupportedInterfaceOrientations_iPad = "UIInterfaceOrientationPortrait UIInterfaceOrientationPortraitUpsideDown UIInterfaceOrientationLandscapeLeft UIInterfaceOrientationLandscapeRight";
				INFOPLIST_KEY_UISupportedInterfaceOrientations_iPhone = "UIInterfaceOrientationPortrait UIInterfaceOrientationLandscapeLeft UIInterfaceOrientationLandscapeRight";
				LD_RUNPATH_SEARCH_PATHS = (
					"$(inherited)",
					"@executable_path/Frameworks",
				);
				MARKETING_VERSION = 1.0;
				PRODUCT_BUNDLE_IDENTIFIER = "com.SaiVishwas.SaiVishwasPathem-MidPart1";
				PRODUCT_NAME = "$(TARGET_NAME)";
				SWIFT_EMIT_LOC_STRINGS = YES;
				SWIFT_VERSION = 5.0;
				TARGETED_DEVICE_FAMILY = "1,2";
			};
			name = Debug;
		};
		4DE98DB12B96EF4300E7B0A0 /* Release */ = {
			isa = XCBuildConfiguration;
			buildSettings = {
				ASSETCATALOG_COMPILER_APPICON_NAME = AppIcon;
				ASSETCATALOG_COMPILER_GLOBAL_ACCENT_COLOR_NAME = AccentColor;
				CODE_SIGN_STYLE = Automatic;
				CURRENT_PROJECT_VERSION = 1;
				DEVELOPMENT_ASSET_PATHS = "\"SaiVishwasPathem_MidPart1/Preview Content\"";
				ENABLE_PREVIEWS = YES;
				GENERATE_INFOPLIST_FILE = YES;
				INFOPLIST_KEY_UIApplicationSceneManifest_Generation = YES;
				INFOPLIST_KEY_UIApplicationSupportsIndirectInputEvents = YES;
				INFOPLIST_KEY_UILaunchScreen_Generation = YES;
				INFOPLIST_KEY_UISupportedInterfaceOrientations_iPad = "UIInterfaceOrientationPortrait UIInterfaceOrientationPortraitUpsideDown UIInterfaceOrientationLandscapeLeft UIInterfaceOrientationLandscapeRight";
				INFOPLIST_KEY_UISupportedInterfaceOrientations_iPhone = "UIInterfaceOrientationPortrait UIInterfaceOrientationLandscapeLeft UIInterfaceOrientationLandscapeRight";
				LD_RUNPATH_SEARCH_PATHS = (
					"$(inherited)",
					"@executable_path/Frameworks",
				);
				MARKETING_VERSION = 1.0;
				PRODUCT_BUNDLE_IDENTIFIER = "com.SaiVishwas.SaiVishwasPathem-MidPart1";
				PRODUCT_NAME = "$(TARGET_NAME)";
				SWIFT_EMIT_LOC_STRINGS = YES;
				SWIFT_VERSION = 5.0;
				TARGETED_DEVICE_FAMILY = "1,2";
			};
			name = Release;
		};
		4DE98DB32B96EF4300E7B0A0 /* Debug */ = {
			isa = XCBuildConfiguration;
			buildSettings = {
				ALWAYS_EMBED_SWIFT_STANDARD_LIBRARIES = YES;
				BUNDLE_LOADER = "$(TEST_HOST)";
				CODE_SIGN_STYLE = Automatic;
				CURRENT_PROJECT_VERSION = 1;
				GENERATE_INFOPLIST_FILE = YES;
				IPHONEOS_DEPLOYMENT_TARGET = 17.2;
				MARKETING_VERSION = 1.0;
				PRODUCT_BUNDLE_IDENTIFIER = "com.SaiVishwas.SaiVishwasPathem-MidPart1Tests";
				PRODUCT_NAME = "$(TARGET_NAME)";
				SWIFT_EMIT_LOC_STRINGS = NO;
				SWIFT_VERSION = 5.0;
				TARGETED_DEVICE_FAMILY = "1,2";
				TEST_HOST = "$(BUILT_PRODUCTS_DIR)/SaiVishwasPathem_MidPart1.app/$(BUNDLE_EXECUTABLE_FOLDER_PATH)/SaiVishwasPathem_MidPart1";
			};
			name = Debug;
		};
		4DE98DB42B96EF4300E7B0A0 /* Release */ = {
			isa = XCBuildConfiguration;
			buildSettings = {
				ALWAYS_EMBED_SWIFT_STANDARD_LIBRARIES = YES;
				BUNDLE_LOADER = "$(TEST_HOST)";
				CODE_SIGN_STYLE = Automatic;
				CURRENT_PROJECT_VERSION = 1;
				GENERATE_INFOPLIST_FILE = YES;
				IPHONEOS_DEPLOYMENT_TARGET = 17.2;
				MARKETING_VERSION = 1.0;
				PRODUCT_BUNDLE_IDENTIFIER = "com.SaiVishwas.SaiVishwasPathem-MidPart1Tests";
				PRODUCT_NAME = "$(TARGET_NAME)";
				SWIFT_EMIT_LOC_STRINGS = NO;
				SWIFT_VERSION = 5.0;
				TARGETED_DEVICE_FAMILY = "1,2";
				TEST_HOST = "$(BUILT_PRODUCTS_DIR)/SaiVishwasPathem_MidPart1.app/$(BUNDLE_EXECUTABLE_FOLDER_PATH)/SaiVishwasPathem_MidPart1";
			};
			name = Release;
		};
		4DE98DB62B96EF4300E7B0A0 /* Debug */ = {
			isa = XCBuildConfiguration;
			buildSettings = {
				ALWAYS_EMBED_SWIFT_STANDARD_LIBRARIES = YES;
				CODE_SIGN_STYLE = Automatic;
				CURRENT_PROJECT_VERSION = 1;
				GENERATE_INFOPLIST_FILE = YES;
				MARKETING_VERSION = 1.0;
				PRODUCT_BUNDLE_IDENTIFIER = "com.SaiVishwas.SaiVishwasPathem-MidPart1UITests";
				PRODUCT_NAME = "$(TARGET_NAME)";
				SWIFT_EMIT_LOC_STRINGS = NO;
				SWIFT_VERSION = 5.0;
				TARGETED_DEVICE_FAMILY = "1,2";
				TEST_TARGET_NAME = SaiVishwasPathem_MidPart1;
			};
			name = Debug;
		};
		4DE98DB72B96EF4300E7B0A0 /* Release */ = {
			isa = XCBuildConfiguration;
			buildSettings = {
				ALWAYS_EMBED_SWIFT_STANDARD_LIBRARIES = YES;
				CODE_SIGN_STYLE = Automatic;
				CURRENT_PROJECT_VERSION = 1;
				GENERATE_INFOPLIST_FILE = YES;
				MARKETING_VERSION = 1.0;
				PRODUCT_BUNDLE_IDENTIFIER = "com.SaiVishwas.SaiVishwasPathem-MidPart1UITests";
				PRODUCT_NAME = "$(TARGET_NAME)";
				SWIFT_EMIT_LOC_STRINGS = NO;
				SWIFT_VERSION = 5.0;
				TARGETED_DEVICE_FAMILY = "1,2";
				TEST_TARGET_NAME = SaiVishwasPathem_MidPart1;
			};
			name = Release;
		};
/* End XCBuildConfiguration section */

/* Begin XCConfigurationList section */
		4DE98D862B96EF4100E7B0A0 /* Build configuration list for PBXProject "SaiVishwasPathem_MidPart1" */ = {
			isa = XCConfigurationList;
			buildConfigurations = (
				4DE98DAD2B96EF4300E7B0A0 /* Debug */,
				4DE98DAE2B96EF4300E7B0A0 /* Release */,
			);
			defaultConfigurationIsVisible = 0;
			defaultConfigurationName = Release;
		};
		4DE98DAF2B96EF4300E7B0A0 /* Build configuration list for PBXNativeTarget "SaiVishwasPathem_MidPart1" */ = {
			isa = XCConfigurationList;
			buildConfigurations = (
				4DE98DB02B96EF4300E7B0A0 /* Debug */,
				4DE98DB12B96EF4300E7B0A0 /* Release */,
			);
			defaultConfigurationIsVisible = 0;
			defaultConfigurationName = Release;
		};
		4DE98DB22B96EF4300E7B0A0 /* Build configuration list for PBXNativeTarget "SaiVishwasPathem_MidPart1Tests" */ = {
			isa = XCConfigurationList;
			buildConfigurations = (
				4DE98DB32B96EF4300E7B0A0 /* Debug */,
				4DE98DB42B96EF4300E7B0A0 /* Release */,
			);
			defaultConfigurationIsVisible = 0;
			defaultConfigurationName = Release;
		};
		4DE98DB52B96EF4300E7B0A0 /* Build configuration list for PBXNativeTarget "SaiVishwasPathem_MidPart1UITests" */ = {
			isa = XCConfigurationList;
			buildConfigurations = (
				4DE98DB62B96EF4300E7B0A0 /* Debug */,
				4DE98DB72B96EF4300E7B0A0 /* Release */,
			);
			defaultConfigurationIsVisible = 0;
			defaultConfigurationName = Release;
		};
/* End XCConfigurationList section */
	};
	rootObject = 4DE98D832B96EF4100E7B0A0 /* Project object */;
}
